
Microsoft Visual Studio Solution File, Format Version 12.00
# Visual Studio Version 17
VisualStudioVersion = 17.12.35410.144
MinimumVisualStudioVersion = 10.0.40219.1
Project("{2150E333-8FDC-42A3-9474-1A3956D46DE8}") = "src", "src", "{B42188BD-8B33-40E8-A1F9-87C48452424E}"
EndProject
Project("{2150E333-8FDC-42A3-9474-1A3956D46DE8}") = "Bootstrapper", "Bootstrapper", "{6A9270C6-91FA-49F5-95EF-37F3CB5D0834}"
EndProject
Project("{2150E333-8FDC-42A3-9474-1A3956D46DE8}") = "Modules", "Modules", "{B40EA7AF-16CB-4979-BE48-2671A48E02FC}"
EndProject
Project("{2150E333-8FDC-42A3-9474-1A3956D46DE8}") = "Shared", "Shared", "{BA0D1B90-DABF-4501-A21C-D9B09A59783A}"
EndProject
Project("{FAE04EC0-301F-11D3-BF4B-00C04F79EFBC}") = "EShopMMA.API", "src\Bootstrapper\EShopMMA.API\EShopMMA.API.csproj", "{F7810F5F-1DB7-4490-9C58-EA8E9935232E}"
EndProject
Project("{2150E333-8FDC-42A3-9474-1A3956D46DE8}") = "Solution Items", "Solution Items", "{440267DE-FEA6-4D96-8116-759A830416D5}"
	ProjectSection(SolutionItems) = preProject
		.gitignore = .gitignore
		README.md = README.md
	EndProjectSection
EndProject
Project("{2150E333-8FDC-42A3-9474-1A3956D46DE8}") = "Basket", "Basket", "{209548E9-B329-43F9-95F2-8055C34C8BAA}"
EndProject
Project("{2150E333-8FDC-42A3-9474-1A3956D46DE8}") = "Catalog", "Catalog", "{2F911C4A-401A-4DA9-BC58-93B5A378DADC}"
EndProject
Project("{2150E333-8FDC-42A3-9474-1A3956D46DE8}") = "Ordering", "Ordering", "{488F9631-5B00-4491-8AE9-00A15346151D}"
EndProject
Project("{FAE04EC0-301F-11D3-BF4B-00C04F79EFBC}") = "Catalog", "src\Modules\Catalog\Catalog\Catalog.csproj", "{55E8DE8F-0B22-4BAF-8B72-6151B8E39A2C}"
EndProject
Project("{FAE04EC0-301F-11D3-BF4B-00C04F79EFBC}") = "Basket", "src\Modules\Basket\Basket\Basket.csproj", "{5FD7702F-4EA7-4A79-ACAA-859B876FC88C}"
EndProject
Project("{FAE04EC0-301F-11D3-BF4B-00C04F79EFBC}") = "Ordering", "src\Modules\Ordering\Ordering\Ordering.csproj", "{49F9137A-D34F-4E6D-AA3D-9F74869FF9DE}"
EndProject
Project("{FAE04EC0-301F-11D3-BF4B-00C04F79EFBC}") = "Shared", "src\Shared\Shared\Shared.csproj", "{F38F959B-FC4E-4A24-8532-A577B1378184}"
EndProject
Global
	GlobalSection(SolutionConfigurationPlatforms) = preSolution
		Debug|Any CPU = Debug|Any CPU
		Release|Any CPU = Release|Any CPU
	EndGlobalSection
	GlobalSection(ProjectConfigurationPlatforms) = postSolution
		{F7810F5F-1DB7-4490-9C58-EA8E9935232E}.Debug|Any CPU.ActiveCfg = Debug|Any CPU
		{F7810F5F-1DB7-4490-9C58-EA8E9935232E}.Debug|Any CPU.Build.0 = Debug|Any CPU
		{F7810F5F-1DB7-4490-9C58-EA8E9935232E}.Release|Any CPU.ActiveCfg = Release|Any CPU
		{F7810F5F-1DB7-4490-9C58-EA8E9935232E}.Release|Any CPU.Build.0 = Release|Any CPU
		{55E8DE8F-0B22-4BAF-8B72-6151B8E39A2C}.Debug|Any CPU.ActiveCfg = Debug|Any CPU
		{55E8DE8F-0B22-4BAF-8B72-6151B8E39A2C}.Debug|Any CPU.Build.0 = Debug|Any CPU
		{55E8DE8F-0B22-4BAF-8B72-6151B8E39A2C}.Release|Any CPU.ActiveCfg = Release|Any CPU
		{55E8DE8F-0B22-4BAF-8B72-6151B8E39A2C}.Release|Any CPU.Build.0 = Release|Any CPU
		{5FD7702F-4EA7-4A79-ACAA-859B876FC88C}.Debug|Any CPU.ActiveCfg = Debug|Any CPU
		{5FD7702F-4EA7-4A79-ACAA-859B876FC88C}.Debug|Any CPU.Build.0 = Debug|Any CPU
		{5FD7702F-4EA7-4A79-ACAA-859B876FC88C}.Release|Any CPU.ActiveCfg = Release|Any CPU
		{5FD7702F-4EA7-4A79-ACAA-859B876FC88C}.Release|Any CPU.Build.0 = Release|Any CPU
		{49F9137A-D34F-4E6D-AA3D-9F74869FF9DE}.Debug|Any CPU.ActiveCfg = Debug|Any CPU
		{49F9137A-D34F-4E6D-AA3D-9F74869FF9DE}.Debug|Any CPU.Build.0 = Debug|Any CPU
		{49F9137A-D34F-4E6D-AA3D-9F74869FF9DE}.Release|Any CPU.ActiveCfg = Release|Any CPU
		{49F9137A-D34F-4E6D-AA3D-9F74869FF9DE}.Release|Any CPU.Build.0 = Release|Any CPU
		{F38F959B-FC4E-4A24-8532-A577B1378184}.Debug|Any CPU.ActiveCfg = Debug|Any CPU
		{F38F959B-FC4E-4A24-8532-A577B1378184}.Debug|Any CPU.Build.0 = Debug|Any CPU
		{F38F959B-FC4E-4A24-8532-A577B1378184}.Release|Any CPU.ActiveCfg = Release|Any CPU
		{F38F959B-FC4E-4A24-8532-A577B1378184}.Release|Any CPU.Build.0 = Release|Any CPU
	EndGlobalSection
	GlobalSection(SolutionProperties) = preSolution
		HideSolutionNode = FALSE
	EndGlobalSection
	GlobalSection(NestedProjects) = preSolution
		{6A9270C6-91FA-49F5-95EF-37F3CB5D0834} = {B42188BD-8B33-40E8-A1F9-87C48452424E}
		{B40EA7AF-16CB-4979-BE48-2671A48E02FC} = {B42188BD-8B33-40E8-A1F9-87C48452424E}
		{BA0D1B90-DABF-4501-A21C-D9B09A59783A} = {B42188BD-8B33-40E8-A1F9-87C48452424E}
		{F7810F5F-1DB7-4490-9C58-EA8E9935232E} = {6A9270C6-91FA-49F5-95EF-37F3CB5D0834}
		{209548E9-B329-43F9-95F2-8055C34C8BAA} = {B40EA7AF-16CB-4979-BE48-2671A48E02FC}
		{2F911C4A-401A-4DA9-BC58-93B5A378DADC} = {B40EA7AF-16CB-4979-BE48-2671A48E02FC}
		{488F9631-5B00-4491-8AE9-00A15346151D} = {B40EA7AF-16CB-4979-BE48-2671A48E02FC}
		{55E8DE8F-0B22-4BAF-8B72-6151B8E39A2C} = {2F911C4A-401A-4DA9-BC58-93B5A378DADC}
		{5FD7702F-4EA7-4A79-ACAA-859B876FC88C} = {209548E9-B329-43F9-95F2-8055C34C8BAA}
		{49F9137A-D34F-4E6D-AA3D-9F74869FF9DE} = {488F9631-5B00-4491-8AE9-00A15346151D}
		{F38F959B-FC4E-4A24-8532-A577B1378184} = {BA0D1B90-DABF-4501-A21C-D9B09A59783A}
	EndGlobalSection
EndGlobal
